<?xml version="1.0" encoding="utf-8"?>
<Project ToolsVersion="4.0" xmlns="http://schemas.microsoft.com/developer/msbuild/2003">
  <ItemGroup>
    <Filter Include="Source Files">
      <UniqueIdentifier>{4FC737F1-C7A5-4376-A066-2A32D752A2FF}</UniqueIdentifier>
      <Extensions>cpp;c;cc;cxx;def;odl;idl;hpj;bat;asm;asmx</Extensions>
    </Filter>
    <Filter Include="InterfaceUtils">
      <UniqueIdentifier>{f4ec4ca0-bc61-4460-89da-5b9df2edc5f2}</UniqueIdentifier>
    </Filter>
    <Filter Include="AICore">
      <UniqueIdentifier>{9d394c78-f626-4970-9439-04cc41f965ca}</UniqueIdentifier>
    </Filter>
    <Filter Include="HelperUtils">
      <UniqueIdentifier>{1f52c710-79df-41f8-87b0-5b4a0bd9aded}</UniqueIdentifier>
    </Filter>
    <Filter Include="VJoy">
      <UniqueIdentifier>{b8d0b07e-4394-4bc2-8e1c-266b2c58fc88}</UniqueIdentifier>
    </Filter>
    <Filter Include="AICore\Core">
      <UniqueIdentifier>{f1cd6a28-e8c9-4502-bf55-9e4b0b501463}</UniqueIdentifier>
    </Filter>
    <Filter Include="AICore\Minds">
      <UniqueIdentifier>{53d5f1a3-22c6-4d64-8b91-11a079aeb2b4}</UniqueIdentifier>
    </Filter>
  </ItemGroup>
  <ItemGroup>
    <ClCompile Include="Source.c">
      <Filter>Source Files</Filter>
    </ClCompile>
    <ClCompile Include="Interface.c">
      <Filter>InterfaceUtils</Filter>
    </ClCompile>
    <ClCompile Include="MemoryEdits.c">
      <Filter>InterfaceUtils</Filter>
    </ClCompile>
    <ClCompile Include="CharacterStruct.c">
      <Filter>HelperUtils</Filter>
    </ClCompile>
    <ClCompile Include="AIMethods.c">
      <Filter>AICore\Core</Filter>
    </ClCompile>
    <ClCompile Include="SubRoutines.c">
      <Filter>AICore\Core</Filter>
    </ClCompile>
  </ItemGroup>
  <ItemGroup>
    <ClInclude Include="Interface.h">
      <Filter>InterfaceUtils</Filter>
    </ClInclude>
    <ClInclude Include="MemoryEdits.h">
      <Filter>InterfaceUtils</Filter>
    </ClInclude>
    <ClInclude Include="CharacterStruct.h">
      <Filter>HelperUtils</Filter>
    </ClInclude>
    <ClInclude Include="public.h">
      <Filter>VJoy</Filter>
    </ClInclude>
    <ClInclude Include="vjoyinterface.h">
      <Filter>VJoy</Filter>
    </ClInclude>
    <ClInclude Include="AIMethods.h">
      <Filter>AICore\Core</Filter>
    </ClInclude>
    <ClInclude Include="SubRoutines.h">
      <Filter>AICore\Core</Filter>
    </ClInclude>
  </ItemGroup>
</Project>