<?xml version="1.0" encoding="utf-8"?>
<Project ToolsVersion="4.0" xmlns="http://schemas.microsoft.com/developer/msbuild/2003">
  <ItemGroup>
    <Filter Include="Source Files">
      <UniqueIdentifier>{4FC737F1-C7A5-4376-A066-2A32D752A2FF}</UniqueIdentifier>
      <Extensions>cpp;c;cc;cxx;def;odl;idl;hpj;bat;asm;asmx</Extensions>
    </Filter>
    <Filter Include="AICore">
      <UniqueIdentifier>{9d394c78-f626-4970-9439-04cc41f965ca}</UniqueIdentifier>
    </Filter>
    <Filter Include="VJoy">
      <UniqueIdentifier>{b8d0b07e-4394-4bc2-8e1c-266b2c58fc88}</UniqueIdentifier>
    </Filter>
    <Filter Include="AICore\Instinct">
      <UniqueIdentifier>{f1cd6a28-e8c9-4502-bf55-9e4b0b501463}</UniqueIdentifier>
    </Filter>
    <Filter Include="AICore\Neural Net">
      <UniqueIdentifier>{53d5f1a3-22c6-4d64-8b91-11a079aeb2b4}</UniqueIdentifier>
    </Filter>
    <Filter Include="AICore\Neural Net\FANN">
      <UniqueIdentifier>{ce114979-65b6-4ade-aa7b-c1ca7a5a205c}</UniqueIdentifier>
    </Filter>
    <Filter Include="AICore\Neural Net\Own">
      <UniqueIdentifier>{0b713785-9ff4-42c3-acb5-00b5463daac3}</UniqueIdentifier>
    </Filter>
    <Filter Include="GUI">
      <UniqueIdentifier>{88ec01be-7698-47b6-820f-1090f3602f68}</UniqueIdentifier>
    </Filter>
    <Filter Include="AICore\Memory">
      <UniqueIdentifier>{1bb40e32-0de2-42f9-9c5d-fdf8863aea58}</UniqueIdentifier>
    </Filter>
    <Filter Include="CharacterUtils">
      <UniqueIdentifier>{1f52c710-79df-41f8-87b0-5b4a0bd9aded}</UniqueIdentifier>
    </Filter>
    <Filter Include="HelperUtils">
      <UniqueIdentifier>{f4ec4ca0-bc61-4460-89da-5b9df2edc5f2}</UniqueIdentifier>
    </Filter>
  </ItemGroup>
  <ItemGroup>
    <ClCompile Include="Source.c">
      <Filter>Source Files</Filter>
    </ClCompile>
    <ClCompile Include="MemoryEdits.c">
      <Filter>HelperUtils</Filter>
    </ClCompile>
    <ClCompile Include="CharacterStruct.c">
      <Filter>CharacterUtils</Filter>
    </ClCompile>
    <ClCompile Include="AIMethods.c">
      <Filter>AICore\Instinct</Filter>
    </ClCompile>
    <ClCompile Include="SubRoutines.c">
      <Filter>AICore\Instinct</Filter>
    </ClCompile>
    <ClCompile Include="NeuralNetwork.c">
      <Filter>AICore\Neural Net\Own</Filter>
    </ClCompile>
    <ClCompile Include="MindRoutines.c">
      <Filter>AICore\Neural Net</Filter>
    </ClCompile>
    <ClCompile Include="InitalizeFANN.c">
      <Filter>AICore\Neural Net\FANN</Filter>
    </ClCompile>
    <ClCompile Include="AnimationMappings.c">
      <Filter>AICore\Instinct</Filter>
    </ClCompile>
    <ClCompile Include="gui.c">
      <Filter>GUI</Filter>
    </ClCompile>
    <ClCompile Include="Memory.c">
      <Filter>AICore\Memory</Filter>
    </ClCompile>
    <ClCompile Include="Handler.c">
      <Filter>Source Files</Filter>
    </ClCompile>
    <ClCompile Include="WeaponData.c">
      <Filter>HelperUtils</Filter>
    </ClCompile>
    <ClCompile Include="HelperUtil.c">
      <Filter>HelperUtils</Filter>
    </ClCompile>
    <ClCompile Include="TestSpace.c">
      <Filter>Source Files</Filter>
    </ClCompile>
    <ClCompile Include="vjoyhelper.c">
      <Filter>VJoy</Filter>
    </ClCompile>
    <ClCompile Include="AIDecisions.c">
      <Filter>AICore\Instinct</Filter>
    </ClCompile>
  </ItemGroup>
  <ItemGroup>
    <ClInclude Include="MemoryEdits.h">
      <Filter>HelperUtils</Filter>
    </ClInclude>
    <ClInclude Include="CharacterStruct.h">
      <Filter>CharacterUtils</Filter>
    </ClInclude>
    <ClInclude Include="public.h">
      <Filter>VJoy</Filter>
    </ClInclude>
    <ClInclude Include="vjoyinterface.h">
      <Filter>VJoy</Filter>
    </ClInclude>
    <ClInclude Include="AIMethods.h">
      <Filter>AICore\Instinct</Filter>
    </ClInclude>
    <ClInclude Include="SubRoutines.h">
      <Filter>AICore\Instinct</Filter>
    </ClInclude>
    <ClInclude Include="MindRoutines.h">
      <Filter>AICore\Neural Net</Filter>
    </ClInclude>
    <ClInclude Include="NeuralNetwork.h">
      <Filter>AICore\Neural Net\Own</Filter>
    </ClInclude>
    <ClInclude Include="AnimationMappings.h">
      <Filter>AICore\Instinct</Filter>
    </ClInclude>
    <ClInclude Include="gui.h">
      <Filter>GUI</Filter>
    </ClInclude>
    <ClInclude Include="Memory.h">
      <Filter>AICore\Memory</Filter>
    </ClInclude>
    <ClInclude Include="Source.h">
      <Filter>Source Files</Filter>
    </ClInclude>
    <ClInclude Include="HelperUtil.h">
      <Filter>HelperUtils</Filter>
    </ClInclude>
    <ClInclude Include="WeaponData.h">
      <Filter>HelperUtils</Filter>
    </ClInclude>
    <ClInclude Include="vjoyhelper.h">
      <Filter>VJoy</Filter>
    </ClInclude>
    <ClInclude Include="InitalizeFANN.h">
      <Filter>AICore\Neural Net\FANN</Filter>
    </ClInclude>
    <ClInclude Include="Settings.h">
      <Filter>Source Files</Filter>
    </ClInclude>
    <ClInclude Include="AIDecisions.h">
      <Filter>AICore\Instinct</Filter>
    </ClInclude>
  </ItemGroup>
</Project>